
Microsoft Visual Studio Solution File, Format Version 12.00
# Visual Studio Version 16
VisualStudioVersion = 16.0.33801.447
MinimumVisualStudioVersion = 10.0.40219.1
Project("{8BC9CEB8-8B4A-11D0-8D11-00A0C91BC942}") = "VsSln", "MyLearnProject1\MyLearnProject1.vcxproj", "{695333B8-4161-4CDE-A7C9-AE77A81D28E3}"
EndProject
Project("{8BC9CEB8-8B4A-11D0-8D11-00A0C91BC942}") = "QtSln", "QtSln\QtSln.vcxproj", "{FA0A49C5-ADF2-47F0-82C9-44D07FB1E5FA}"
EndProject
Global
	GlobalSection(SolutionConfigurationPlatforms) = preSolution
		Debug|x64 = Debug|x64
		Debug|x86 = Debug|x86
		Release|x64 = Release|x64
		Release|x86 = Release|x86
	EndGlobalSection
	GlobalSection(ProjectConfigurationPlatforms) = postSolution
		{695333B8-4161-4CDE-A7C9-AE77A81D28E3}.Debug|x64.ActiveCfg = Debug|x64
		{695333B8-4161-4CDE-A7C9-AE77A81D28E3}.Debug|x64.Build.0 = Debug|x64
		{695333B8-4161-4CDE-A7C9-AE77A81D28E3}.Debug|x86.ActiveCfg = Debug|Win32
		{695333B8-4161-4CDE-A7C9-AE77A81D28E3}.Debug|x86.Build.0 = Debug|Win32
		{695333B8-4161-4CDE-A7C9-AE77A81D28E3}.Release|x64.ActiveCfg = Release|x64
		{695333B8-4161-4CDE-A7C9-AE77A81D28E3}.Release|x64.Build.0 = Release|x64
		{695333B8-4161-4CDE-A7C9-AE77A81D28E3}.Release|x86.ActiveCfg = Release|Win32
		{695333B8-4161-4CDE-A7C9-AE77A81D28E3}.Release|x86.Build.0 = Release|Win32
		{FA0A49C5-ADF2-47F0-82C9-44D07FB1E5FA}.Debug|x64.ActiveCfg = Debug|x64
		{FA0A49C5-ADF2-47F0-82C9-44D07FB1E5FA}.Debug|x64.Build.0 = Debug|x64
		{FA0A49C5-ADF2-47F0-82C9-44D07FB1E5FA}.Debug|x86.ActiveCfg = Debug|x64
		{FA0A49C5-ADF2-47F0-82C9-44D07FB1E5FA}.Release|x64.ActiveCfg = Release|x64
		{FA0A49C5-ADF2-47F0-82C9-44D07FB1E5FA}.Release|x64.Build.0 = Release|x64
		{FA0A49C5-ADF2-47F0-82C9-44D07FB1E5FA}.Release|x86.ActiveCfg = Release|x64
	EndGlobalSection
	GlobalSection(SolutionProperties) = preSolution
		HideSolutionNode = FALSE
	EndGlobalSection
	GlobalSection(ExtensibilityGlobals) = postSolution
		SolutionGuid = {B14DE301-84A7-43C9-B686-D2287C9210F8}
	EndGlobalSection
EndGlobal
